schema: '2.0'
stages:
  prepared:
    cmd: python3 scripts/prepare.py
    deps:
    - path: data/raw/diabetes_prediction_dataset.csv
      hash: md5
      md5: cb243b99d81d96e9aeb08944ce9ac066
      size: 3810356
    - path: scripts/prepare.py
      hash: md5
      md5: 688093424970ffb001eab07b4dcbf04f
      size: 1054
    outs:
    - path: data/prepared/test.csv
      hash: md5
      md5: 7544a361da31ee1b10791592b7005d4f
      size: 93561
    - path: data/prepared/training_set.csv
      hash: md5
      md5: 2a9b0a80bec3893d59ce01c67cf1a7f8
      size: 3214040
  train:
    cmd: python3 scripts/train.py
    deps:
    - path: data/prepared/test.csv
      hash: md5
      md5: 7544a361da31ee1b10791592b7005d4f
      size: 93561
    - path: data/prepared/training_set.csv
      hash: md5
      md5: 2a9b0a80bec3893d59ce01c67cf1a7f8
      size: 3214040
    - path: scripts/train.py
      hash: md5
      md5: 142a8fc8a97d25a948c3208dde1e3f21
      size: 7624
    outs:
    - path: dvclive/
      hash: md5
      md5: 90a7233f28f7de24242882b8c0016bdc.dir
      size: 863
      nfiles: 5
